// !$*UTF8*$!
{
	archiveVersion = 1;
	classes = {
	};
	objectVersion = 46;
	objects = {

/* Begin PBXBuildFile section */
		EA4E8DFF19AF2BCB00198DF0 /* FKFirstTime.h in CopyFiles */ = {isa = PBXBuildFile; fileRef = EA4E8DFE19AF2BCB00198DF0 /* FKFirstTime.h */; };
		EA4E8E0119AF2BCB00198DF0 /* FKFirstTime.m in Sources */ = {isa = PBXBuildFile; fileRef = EA4E8E0019AF2BCB00198DF0 /* FKFirstTime.m */; };
		EA4E8E1819AF38F100198DF0 /* FKFirstTimeObject.m in Sources */ = {isa = PBXBuildFile; fileRef = EA4E8E1719AF38F100198DF0 /* FKFirstTimeObject.m */; };
/* End PBXBuildFile section */

/* Begin PBXCopyFilesBuildPhase section */
		EA4E8DF919AF2BCB00198DF0 /* CopyFiles */ = {
			isa = PBXCopyFilesBuildPhase;
			buildActionMask = 2147483647;
			dstPath = "include/$(PRODUCT_NAME)";
			dstSubfolderSpec = 16;
			files = (
				EA4E8DFF19AF2BCB00198DF0 /* FKFirstTime.h in CopyFiles */,
			);
			runOnlyForDeploymentPostprocessing = 0;
		};
/* End PBXCopyFilesBuildPhase section */

/* Begin PBXFileReference section */
		EA4E8DFB19AF2BCB00198DF0 /* libFKFirstTime.a */ = {isa = PBXFileReference; explicitFileType = archive.ar; includeInIndex = 0; path = libFKFirstTime.a; sourceTree = BUILT_PRODUCTS_DIR; };
		EA4E8DFE19AF2BCB00198DF0 /* FKFirstTime.h */ = {isa = PBXFileReference; lastKnownFileType = sourcecode.c.h; path = FKFirstTime.h; sourceTree = "<group>"; };
		EA4E8E0019AF2BCB00198DF0 /* FKFirstTime.m */ = {isa = PBXFileReference; lastKnownFileType = sourcecode.c.objc; path = FKFirstTime.m; sourceTree = "<group>"; };
		EA4E8E0619AF2BCB00198DF0 /* FKFirstTimeTests.xctest */ = {isa = PBXFileReference; explicitFileType = wrapper.cfbundle; includeInIndex = 0; path = FKFirstTimeTests.xctest; sourceTree = BUILT_PRODUCTS_DIR; };
		EA4E8E0919AF2BCB00198DF0 /* Info.plist */ = {isa = PBXFileReference; lastKnownFileType = text.plist.xml; path = Info.plist; sourceTree = "<group>"; };
		EA4E8E1619AF38F100198DF0 /* FKFirstTimeObject.h */ = {isa = PBXFileReference; fileEncoding = 4; lastKnownFileType = sourcecode.c.h; path = FKFirstTimeObject.h; sourceTree = "<group>"; };
		EA4E8E1719AF38F100198DF0 /* FKFirstTimeObject.m */ = {isa = PBXFileReference; fileEncoding = 4; lastKnownFileType = sourcecode.c.objc; path = FKFirstTimeObject.m; sourceTree = "<group>"; };
/* End PBXFileReference section */

/* Begin PBXFrameworksBuildPhase section */
		EA4E8DF819AF2BCB00198DF0 /* Frameworks */ = {
			isa = PBXFrameworksBuildPhase;
			buildActionMask = 2147483647;
			files = (
			);
			runOnlyForDeploymentPostprocessing = 0;
		};
		EA4E8E0319AF2BCB00198DF0 /* Frameworks */ = {
			isa = PBXFrameworksBuildPhase;
			buildActionMask = 2147483647;
			files = (
			);
			runOnlyForDeploymentPostprocessing = 0;
		};
/* End PBXFrameworksBuildPhase section */

/* Begin PBXGroup section */
		EA4E8DF219AF2BCB00198DF0 = {
			isa = PBXGroup;
			children = (
				EA4E8DFD19AF2BCB00198DF0 /* FKFirstTime */,
				EA4E8E0719AF2BCB00198DF0 /* FKFirstTimeTests */,
				EA4E8DFC19AF2BCB00198DF0 /* Products */,
			);
			sourceTree = "<group>";
		};
		EA4E8DFC19AF2BCB00198DF0 /* Products */ = {
			isa = PBXGroup;
			children = (
				EA4E8DFB19AF2BCB00198DF0 /* libFKFirstTime.a */,
				EA4E8E0619AF2BCB00198DF0 /* FKFirstTimeTests.xctest */,
			);
			name = Products;
			sourceTree = "<group>";
		};
		EA4E8DFD19AF2BCB00198DF0 /* FKFirstTime */ = {
			isa = PBXGroup;
			children = (
				EA4E8E1519AF38F100198DF0 /* Classes */,
				EA4E8DFE19AF2BCB00198DF0 /* FKFirstTime.h */,
				EA4E8E0019AF2BCB00198DF0 /* FKFirstTime.m */,
			);
			path = FKFirstTime;
			sourceTree = "<group>";
		};
		EA4E8E0719AF2BCB00198DF0 /* FKFirstTimeTests */ = {
			isa = PBXGroup;
			children = (
				EA4E8E0819AF2BCB00198DF0 /* Supporting Files */,
			);
			path = FKFirstTimeTests;
			sourceTree = "<group>";
		};
		EA4E8E0819AF2BCB00198DF0 /* Supporting Files */ = {
			isa = PBXGroup;
			children = (
				EA4E8E0919AF2BCB00198DF0 /* Info.plist */,
			);
			name = "Supporting Files";
			sourceTree = "<group>";
		};
		EA4E8E1519AF38F100198DF0 /* Classes */ = {
			isa = PBXGroup;
			children = (
				EA4E8E1619AF38F100198DF0 /* FKFirstTimeObject.h */,
				EA4E8E1719AF38F100198DF0 /* FKFirstTimeObject.m */,
			);
			path = Classes;
			sourceTree = "<group>";
		};
/* End PBXGroup section */

/* Begin PBXNativeTarget section */
		EA4E8DFA19AF2BCB00198DF0 /* FKFirstTime */ = {
			isa = PBXNativeTarget;
			buildConfigurationList = EA4E8E0C19AF2BCB00198DF0 /* Build configuration list for PBXNativeTarget "FKFirstTime" */;
			buildPhases = (
				EA4E8DF719AF2BCB00198DF0 /* Sources */,
				EA4E8DF819AF2BCB00198DF0 /* Frameworks */,
				EA4E8DF919AF2BCB00198DF0 /* CopyFiles */,
			);
			buildRules = (
			);
			dependencies = (
			);
			name = FKFirstTime;
			productName = FKFirstTime;
			productReference = EA4E8DFB19AF2BCB00198DF0 /* libFKFirstTime.a */;
			productType = "com.apple.product-type.library.static";
		};
		EA4E8E0519AF2BCB00198DF0 /* FKFirstTimeTests */ = {
			isa = PBXNativeTarget;
			buildConfigurationList = EA4E8E0F19AF2BCB00198DF0 /* Build configuration list for PBXNativeTarget "FKFirstTimeTests" */;
			buildPhases = (
				EA4E8E0219AF2BCB00198DF0 /* Sources */,
				EA4E8E0319AF2BCB00198DF0 /* Frameworks */,
				EA4E8E0419AF2BCB00198DF0 /* Resources */,
			);
			buildRules = (
			);
			dependencies = (
			);
			name = FKFirstTimeTests;
			productName = FKFirstTimeTests;
			productReference = EA4E8E0619AF2BCB00198DF0 /* FKFirstTimeTests.xctest */;
			productType = "com.apple.product-type.bundle.unit-test";
		};
/* End PBXNativeTarget section */

/* Begin PBXProject section */
		EA4E8DF319AF2BCB00198DF0 /* Project object */ = {
			isa = PBXProject;
			attributes = {
				LastUpgradeCheck = 0600;
				ORGANIZATIONNAME = "Fabio Knoedt";
				TargetAttributes = {
					EA4E8DFA19AF2BCB00198DF0 = {
						CreatedOnToolsVersion = 6.0;
					};
					EA4E8E0519AF2BCB00198DF0 = {
						CreatedOnToolsVersion = 6.0;
					};
				};
			};
			buildConfigurationList = EA4E8DF619AF2BCB00198DF0 /* Build configuration list for PBXProject "FKFirstTime" */;
			compatibilityVersion = "Xcode 3.2";
			developmentRegion = English;
			hasScannedForEncodings = 0;
			knownRegions = (
				en,
			);
			mainGroup = EA4E8DF219AF2BCB00198DF0;
			productRefGroup = EA4E8DFC19AF2BCB00198DF0 /* Products */;
			projectDirPath = "";
			projectRoot = "";
			targets = (
				EA4E8DFA19AF2BCB00198DF0 /* FKFirstTime */,
				EA4E8E0519AF2BCB00198DF0 /* FKFirstTimeTests */,
			);
		};
/* End PBXProject section */

/* Begin PBXResourcesBuildPhase section */
		EA4E8E0419AF2BCB00198DF0 /* Resources */ = {
			isa = PBXResourcesBuildPhase;
			buildActionMask = 2147483647;
			files = (
			);
			runOnlyForDeploymentPostprocessing = 0;
		};
/* End PBXResourcesBuildPhase section */

/* Begin PBXSourcesBuildPhase section */
		EA4E8DF719AF2BCB00198DF0 /* Sources */ = {
			isa = PBXSourcesBuildPhase;
			buildActionMask = 2147483647;
			files = (
				EA4E8E0119AF2BCB00198DF0 /* FKFirstTime.m in Sources */,
				EA4E8E1819AF38F100198DF0 /* FKFirstTimeObject.m in Sources */,
			);
			runOnlyForDeploymentPostprocessing = 0;
		};
		EA4E8E0219AF2BCB00198DF0 /* Sources */ = {
			isa = PBXSourcesBuildPhase;
			buildActionMask = 2147483647;
			files = (
			);
			runOnlyForDeploymentPostprocessing = 0;
		};
/* End PBXSourcesBuildPhase section */

/* Begin XCBuildConfiguration section */
		EA4E8E0A19AF2BCB00198DF0 /* Debug */ = {
			isa = XCBuildConfiguration;
			buildSettings = {
				ALWAYS_SEARCH_USER_PATHS = NO;
				CLANG_CXX_LANGUAGE_STANDARD = "gnu++0x";
				CLANG_CXX_LIBRARY = "libc++";
				CLANG_ENABLE_MODULES = YES;
				CLANG_ENABLE_OBJC_ARC = YES;
				CLANG_WARN_BOOL_CONVERSION = YES;
				CLANG_WARN_CONSTANT_CONVERSION = YES;
				CLANG_WARN_DIRECT_OBJC_ISA_USAGE = YES_ERROR;
				CLANG_WARN_EMPTY_BODY = YES;
				CLANG_WARN_ENUM_CONVERSION = YES;
				CLANG_WARN_INT_CONVERSION = YES;
				CLANG_WARN_OBJC_ROOT_CLASS = YES_ERROR;
				CLANG_WARN_UNREACHABLE_CODE = YES;
				CLANG_WARN__DUPLICATE_METHOD_MATCH = YES;
				COPY_PHASE_STRIP = NO;
				ENABLE_STRICT_OBJC_MSGSEND = YES;
				GCC_C_LANGUAGE_STANDARD = gnu99;
				GCC_DYNAMIC_NO_PIC = NO;
				GCC_OPTIMIZATION_LEVEL = 0;
				GCC_PREPROCESSOR_DEFINITIONS = (
					"DEBUG=1",
					"$(inherited)",
				);
				GCC_SYMBOLS_PRIVATE_EXTERN = NO;
				GCC_WARN_64_TO_32_BIT_CONVERSION = YES;
				GCC_WARN_ABOUT_RETURN_TYPE = YES_ERROR;
				GCC_WARN_UNDECLARED_SELECTOR = YES;
				GCC_WARN_UNINITIALIZED_AUTOS = YES_AGGRESSIVE;
				GCC_WARN_UNUSED_FUNCTION = YES;
				GCC_WARN_UNUSED_VARIABLE = YES;
				IPHONEOS_DEPLOYMENT_TARGET = 8.0;
				MTL_ENABLE_DEBUG_INFO = YES;
				ONLY_ACTIVE_ARCH = YES;
				SDKROOT = iphoneos;
			};
			name = Debug;
		};
		EA4E8E0B19AF2BCB00198DF0 /* Release */ = {
			isa = XCBuildConfiguration;
			buildSettings = {
				ALWAYS_SEARCH_USER_PATHS = NO;
				CLANG_CXX_LANGUAGE_STANDARD = "gnu++0x";
				CLANG_CXX_LIBRARY = "libc++";
				CLANG_ENABLE_MODULES = YES;
				CLANG_ENABLE_OBJC_ARC = YES;
				CLANG_WARN_BOOL_CONVERSION = YES;
				CLANG_WARN_CONSTANT_CONVERSION = YES;
				CLANG_WARN_DIRECT_OBJC_ISA_USAGE = YES_ERROR;
				CLANG_WARN_EMPTY_BODY = YES;
				CLANG_WARN_ENUM_CONVERSION = YES;
				CLANG_WARN_INT_CONVERSION = YES;
				CLANG_WARN_OBJC_ROOT_CLASS = YES_ERROR;
				CLANG_WARN_UNREACHABLE_CODE = YES;
				CLANG_WARN__DUPLICATE_METHOD_MATCH = YES;
				COPY_PHASE_STRIP = YES;
				ENABLE_NS_ASSERTIONS = NO;
				ENABLE_STRICT_OBJC_MSGSEND = YES;
				GCC_C_LANGUAGE_STANDARD = gnu99;
				GCC_WARN_64_TO_32_BIT_CONVERSION = YES;
				GCC_WARN_ABOUT_RETURN_TYPE = YES_ERROR;
				GCC_WARN_UNDECLARED_SELECTOR = YES;
				GCC_WARN_UNINITIALIZED_AUTOS = YES_AGGRESSIVE;
				GCC_WARN_UNUSED_FUNCTION = YES;
				GCC_WARN_UNUSED_VARIABLE = YES;
				IPHONEOS_DEPLOYMENT_TARGET = 8.0;
				MTL_ENABLE_DEBUG_INFO = NO;
				SDKROOT = iphoneos;
				VALIDATE_PRODUCT = YES;
			};
			name = Release;
		};
		EA4E8E0D19AF2BCB00198DF0 /* Debug */ = {
			isa = XCBuildConfiguration;
			buildSettings = {
				OTHER_LDFLAGS = "-ObjC";
				PRODUCT_NAME = "$(TARGET_NAME)";
				SKIP_INSTALL = YES;
			};
			name = Debug;
		};
		EA4E8E0E19AF2BCB00198DF0 /* Release */ = {
			isa = XCBuildConfiguration;
			buildSettings = {
				OTHER_LDFLAGS = "-ObjC";
				PRODUCT_NAME = "$(TARGET_NAME)";
				SKIP_INSTALL = YES;
			};
			name = Release;
		};
		EA4E8E1019AF2BCB00198DF0 /* Debug */ = {
			isa = XCBuildConfiguration;
			buildSettings = {
				FRAMEWORK_SEARCH_PATHS = (
					"$(SDKROOT)/Developer/Library/Frameworks",
					"$(inherited)",
				);
				GCC_PREPROCESSOR_DEFINITIONS = (
					"DEBUG=1",
					"$(inherited)",
				);
				INFOPLIST_FILE = FKFirstTimeTests/Info.plist;
				LD_RUNPATH_SEARCH_PATHS = "$(inherited) @executable_path/Frameworks @loader_path/Frameworks";
				PRODUCT_NAME = "$(TARGET_NAME)";
			};
			name = Debug;
		};
		EA4E8E1119AF2BCB00198DF0 /* Release */ = {
			isa = XCBuildConfiguration;
			buildSettings = {
				FRAMEWORK_SEARCH_PATHS = (
					"$(SDKROOT)/Developer/Library/Frameworks",
					"$(inherited)",
				);
				INFOPLIST_FILE = FKFirstTimeTests/Info.plist;
				LD_RUNPATH_SEARCH_PATHS = "$(inherited) @executable_path/Frameworks @loader_path/Frameworks";
				PRODUCT_NAME = "$(TARGET_NAME)";
			};
			name = Release;
		};
/* End XCBuildConfiguration section */

/* Begin XCConfigurationList section */
		EA4E8DF619AF2BCB00198DF0 /* Build configuration list for PBXProject "FKFirstTime" */ = {
			isa = XCConfigurationList;
			buildConfigurations = (
				EA4E8E0A19AF2BCB00198DF0 /* Debug */,
				EA4E8E0B19AF2BCB00198DF0 /* Release */,
			);
			defaultConfigurationIsVisible = 0;
			defaultConfigurationName = Release;
		};
		EA4E8E0C19AF2BCB00198DF0 /* Build configuration list for PBXNativeTarget "FKFirstTime" */ = {
			isa = XCConfigurationList;
			buildConfigurations = (
				EA4E8E0D19AF2BCB00198DF0 /* Debug */,
				EA4E8E0E19AF2BCB00198DF0 /* Release */,
			);
			defaultConfigurationIsVisible = 0;
		};
		EA4E8E0F19AF2BCB00198DF0 /* Build configuration list for PBXNativeTarget "FKFirstTimeTests" */ = {
			isa = XCConfigurationList;
			buildConfigurations = (
				EA4E8E1019AF2BCB00198DF0 /* Debug */,
				EA4E8E1119AF2BCB00198DF0 /* Release */,
			);
			defaultConfigurationIsVisible = 0;
		};
/* End XCConfigurationList section */
	};
	rootObject = EA4E8DF319AF2BCB00198DF0 /* Project object */;
}
